# This file is automatically @generated by Poetry 1.8.3 and should not be changed by hand.

[[package]]
name = "anyio"
version = "4.6.2.post1"
description = "High level compatibility layer for multiple asynchronous event loop implementations"
optional = false
python-versions = ">=3.9"
files = [
    {file = "anyio-4.6.2.post1-py3-none-any.whl", hash = "sha256:6d170c36fba3bdd840c73d3868c1e777e33676a69c3a72cf0a0d5d6d8009b61d"},
    {file = "anyio-4.6.2.post1.tar.gz", hash = "sha256:4c8bc31ccdb51c7f7bd251f51c609e038d63e34219b44aa86e47576389880b4c"},
]

[package.dependencies]
idna = ">=2.8"
sniffio = ">=1.1"

[package.extras]
doc = ["Sphinx (>=7.4,<8.0)", "packaging", "sphinx-autodoc-typehints (>=1.2.0)", "sphinx-rtd-theme"]
test = ["anyio[trio]", "coverage[toml] (>=7)", "exceptiongroup (>=1.2.0)", "hypothesis (>=4.0)", "psutil (>=5.9)", "pytest (>=7.0)", "pytest-mock (>=3.6.1)", "trustme", "truststore (>=0.9.1)", "uvloop (>=0.21.0b1)"]
trio = ["trio (>=0.26.1)"]

[[package]]
name = "certifi"
version = "2024.8.30"
description = "Python package for providing Mozilla's CA Bundle."
optional = false
python-versions = ">=3.6"
files = [
    {file = "certifi-2024.8.30-py3-none-any.whl", hash = "sha256:922820b53db7a7257ffbda3f597266d435245903d80737e34f8a45ff3e3230d8"},
    {file = "certifi-2024.8.30.tar.gz", hash = "sha256:bec941d2aa8195e248a60b31ff9f0558284cf01a52591ceda73ea9afffd69fd9"},
]

[[package]]
name = "colorama"
version = "0.4.6"
description = "Cross-platform colored terminal text."
optional = false
python-versions = "!=3.0.*,!=3.1.*,!=3.2.*,!=3.3.*,!=3.4.*,!=3.5.*,!=3.6.*,>=2.7"
files = [
    {file = "colorama-0.4.6-py2.py3-none-any.whl", hash = "sha256:4f1d9991f5acc0ca119f9d443620b77f9d6b33703e51011c16baf57afb285fc6"},
    {file = "colorama-0.4.6.tar.gz", hash = "sha256:08695f5cb7ed6e0531a20572697297273c47b8cae5a63ffc6d6ed5c201be6e44"},
]

[[package]]
name = "h11"
version = "0.14.0"
description = "A pure-Python, bring-your-own-I/O implementation of HTTP/1.1"
optional = false
python-versions = ">=3.7"
files = [
    {file = "h11-0.14.0-py3-none-any.whl", hash = "sha256:e3fe4ac4b851c468cc8363d500db52c2ead036020723024a109d37346efaa761"},
    {file = "h11-0.14.0.tar.gz", hash = "sha256:8f19fbbe99e72420ff35c00b27a34cb9937e902a8b810e2c88300c6f0a3b699d"},
]

[[package]]
name = "httpcore"
version = "1.0.6"
description = "A minimal low-level HTTP client."
optional = false
python-versions = ">=3.8"
files = [
    {file = "httpcore-1.0.6-py3-none-any.whl", hash = "sha256:27b59625743b85577a8c0e10e55b50b5368a4f2cfe8cc7bcfa9cf00829c2682f"},
    {file = "httpcore-1.0.6.tar.gz", hash = "sha256:73f6dbd6eb8c21bbf7ef8efad555481853f5f6acdeaff1edb0694289269ee17f"},
]

[package.dependencies]
certifi = "*"
h11 = ">=0.13,<0.15"

[package.extras]
asyncio = ["anyio (>=4.0,<5.0)"]
http2 = ["h2 (>=3,<5)"]
socks = ["socksio (==1.*)"]
trio = ["trio (>=0.22.0,<1.0)"]

[[package]]
name = "httpx"
version = "0.27.2"
description = "The next generation HTTP client."
optional = false
python-versions = ">=3.8"
files = [
    {file = "httpx-0.27.2-py3-none-any.whl", hash = "sha256:7bb2708e112d8fdd7829cd4243970f0c223274051cb35ee80c03301ee29a3df0"},
    {file = "httpx-0.27.2.tar.gz", hash = "sha256:f7c2be1d2f3c3c3160d441802406b206c2b76f5947b11115e6df10c6c65e66c2"},
]

[package.dependencies]
anyio = "*"
certifi = "*"
httpcore = "==1.*"
idna = "*"
sniffio = "*"

[package.extras]
brotli = ["brotli", "brotlicffi"]
cli = ["click (==8.*)", "pygments (==2.*)", "rich (>=10,<14)"]
http2 = ["h2 (>=3,<5)"]
socks = ["socksio (==1.*)"]
zstd = ["zstandard (>=0.18.0)"]

[[package]]
name = "idna"
version = "3.10"
description = "Internationalized Domain Names in Applications (IDNA)"
optional = false
python-versions = ">=3.6"
files = [
    {file = "idna-3.10-py3-none-any.whl", hash = "sha256:946d195a0d259cbba61165e88e65941f16e9b36ea6ddb97f00452bae8b1287d3"},
    {file = "idna-3.10.tar.gz", hash = "sha256:12f65c9b470abda6dc35cf8e63cc574b1c52b11df2c86030af0ac09b01b13ea9"},
]

[package.extras]
all = ["flake8 (>=7.1.1)", "mypy (>=1.11.2)", "pytest (>=8.3.2)", "ruff (>=0.6.2)"]

[[package]]
name = "loguru"
version = "0.7.2"
description = "Python logging made (stupidly) simple"
optional = false
python-versions = ">=3.5"
files = [
    {file = "loguru-0.7.2-py3-none-any.whl", hash = "sha256:003d71e3d3ed35f0f8984898359d65b79e5b21943f78af86aa5491210429b8eb"},
    {file = "loguru-0.7.2.tar.gz", hash = "sha256:e671a53522515f34fd406340ee968cb9ecafbc4b36c679da03c18fd8d0bd51ac"},
]

[package.dependencies]
colorama = {version = ">=0.3.4", markers = "sys_platform == \"win32\""}
win32-setctime = {version = ">=1.0.0", markers = "sys_platform == \"win32\""}

[package.extras]
dev = ["Sphinx (==7.2.5)", "colorama (==0.4.5)", "colorama (==0.4.6)", "exceptiongroup (==1.1.3)", "freezegun (==1.1.0)", "freezegun (==1.2.2)", "mypy (==v0.910)", "mypy (==v0.971)", "mypy (==v1.4.1)", "mypy (==v1.5.1)", "pre-commit (==3.4.0)", "pytest (==6.1.2)", "pytest (==7.4.0)", "pytest-cov (==2.12.1)", "pytest-cov (==4.1.0)", "pytest-mypy-plugins (==1.9.3)", "pytest-mypy-plugins (==3.0.0)", "sphinx-autobuild (==2021.3.14)", "sphinx-rtd-theme (==1.3.0)", "tox (==3.27.1)", "tox (==4.11.0)"]

[[package]]
name = "pymssql"
version = "2.3.1"
description = "DB-API interface to Microsoft SQL Server for Python. (new Cython-based version)"
optional = false
python-versions = "*"
files = [
    {file = "pymssql-2.3.1-cp310-cp310-macosx_13_0_x86_64.whl", hash = "sha256:001b3321a5f620b80d1427933fcca11b05f29a808d7772a84d18d01e640ee60a"},
    {file = "pymssql-2.3.1-cp310-cp310-manylinux_2_17_aarch64.manylinux2014_aarch64.whl", hash = "sha256:15466dd41be5e32302f0c4791f612aadd608a0e6ec0b10d769e76cbb4c86aa97"},
    {file = "pymssql-2.3.1-cp310-cp310-manylinux_2_17_i686.manylinux2014_i686.whl", hash = "sha256:74349040d4ff6f05894aefb5109ecffcd416e1e366d9951085d3225a9d09c46b"},
    {file = "pymssql-2.3.1-cp310-cp310-manylinux_2_17_x86_64.manylinux2014_x86_64.whl", hash = "sha256:bc79dbe5eca8825b73830c8bb147b6f588300dc7510393822682162dc4ff003f"},
    {file = "pymssql-2.3.1-cp310-cp310-manylinux_2_28_x86_64.whl", hash = "sha256:0b93ebe2feb45e772ca708bc4cd70f3e4c72796ec1b157fd5d80cdc589c786aa"},
    {file = "pymssql-2.3.1-cp310-cp310-musllinux_1_1_i686.whl", hash = "sha256:44b1c8752c0fc6750902c1c521f258bdf4271bfbf7b2a5fee469b6ad00631aab"},
    {file = "pymssql-2.3.1-cp310-cp310-musllinux_1_1_x86_64.whl", hash = "sha256:fdfadb055a9ecad58356decfecc41626999ad7b548cc7ea898cf159e2217f7bb"},
    {file = "pymssql-2.3.1-cp310-cp310-musllinux_1_2_i686.whl", hash = "sha256:46f1074c6763e9a899128f22a0f72e9fb0035535f48efabd6a294db1c149e6f1"},
    {file = "pymssql-2.3.1-cp310-cp310-musllinux_1_2_x86_64.whl", hash = "sha256:ebb11b61d99ec5bbe0b8c411ff748a90263cdaf474881de231da8184e721c42c"},
    {file = "pymssql-2.3.1-cp310-cp310-win32.whl", hash = "sha256:2ef07fdee3e9652d39b4c081c5c5e1a1031abd122b402ed66813bceb3874ccea"},
    {file = "pymssql-2.3.1-cp310-cp310-win_amd64.whl", hash = "sha256:791522339215cb7f88db54c831a2347e0c4d69dd3092a343eea5b9339adf4412"},
    {file = "pymssql-2.3.1-cp311-cp311-macosx_13_0_universal2.whl", hash = "sha256:0433ffa1c86290a93e81176f377621cb70405be66ade8f3070d3f5ec9cfebdba"},
    {file = "pymssql-2.3.1-cp311-cp311-manylinux_2_17_aarch64.manylinux2014_aarch64.whl", hash = "sha256:6182d82ebfbe46f0e7748d068c6a1c16c0f4fe1f34f1c390f63375cee79b44b0"},
    {file = "pymssql-2.3.1-cp311-cp311-manylinux_2_17_i686.manylinux2014_i686.whl", hash = "sha256:cfbe07dcf0aaee8ce630624669cb2fb77b76743d4dd925f99331422be8704de3"},
    {file = "pymssql-2.3.1-cp311-cp311-manylinux_2_17_x86_64.manylinux2014_x86_64.whl", hash = "sha256:7d999c8e5d5d48e9305c4132392825de402f13feea15694e4e7103029b6eae06"},
    {file = "pymssql-2.3.1-cp311-cp311-manylinux_2_28_x86_64.whl", hash = "sha256:2dced0a76d8e99c283103a2e3c825ca22c67f1f8fc5cff657510f4d2ffb9d188"},
    {file = "pymssql-2.3.1-cp311-cp311-musllinux_1_1_i686.whl", hash = "sha256:880d3173025dea3babf5ab862875b3c76a5cf8df5b292418050c7793c651c0b2"},
    {file = "pymssql-2.3.1-cp311-cp311-musllinux_1_1_x86_64.whl", hash = "sha256:9f89c698e29ce5c576e4980ded89c00b45e482ec02759bfbfc1aa326648cf64a"},
    {file = "pymssql-2.3.1-cp311-cp311-musllinux_1_2_i686.whl", hash = "sha256:3f4f2a38ce6e39ed2414c20ca16deaea4340868033a4bb23d5e4e30c72290caf"},
    {file = "pymssql-2.3.1-cp311-cp311-musllinux_1_2_x86_64.whl", hash = "sha256:e34e8aa1d3da555dbf23141b02f401267c0be32104b4f030afd0bae62d26d735"},
    {file = "pymssql-2.3.1-cp311-cp311-win32.whl", hash = "sha256:72e57e20802bf97399e050a0760a4541996fc27bc605a1a25e48ca6fe4913c48"},
    {file = "pymssql-2.3.1-cp311-cp311-win_amd64.whl", hash = "sha256:b5d3604bca2fa8d5ba2eed1582a3c8a83970a8d2edabfcfd87c1edecb7617d16"},
    {file = "pymssql-2.3.1-cp312-cp312-macosx_13_0_universal2.whl", hash = "sha256:c28f1b9560b82fe1a1e51d8c56f6d36bca7c507a8cdf2caa2a0642503c220d5c"},
    {file = "pymssql-2.3.1-cp312-cp312-manylinux_2_17_aarch64.manylinux2014_aarch64.whl", hash = "sha256:e3509b75747eb22ae89f3d47ae316a4b9eac7d952269e88b356ef117a1b8e3b8"},
    {file = "pymssql-2.3.1-cp312-cp312-manylinux_2_17_i686.manylinux2014_i686.whl", hash = "sha256:cca3bed27e1ab867e482fa8b529d408489ad57e8b60452f75ef288da90573db6"},
    {file = "pymssql-2.3.1-cp312-cp312-manylinux_2_17_x86_64.manylinux2014_x86_64.whl", hash = "sha256:4fe3276915e6040daec409203e3143aa2826984adb8d223c155dab91010110a4"},
    {file = "pymssql-2.3.1-cp312-cp312-manylinux_2_28_x86_64.whl", hash = "sha256:d36d566d0d6997c95442c3d2902800e6b072ccc017c6284e5b1bd4e17dc8fada"},
    {file = "pymssql-2.3.1-cp312-cp312-musllinux_1_1_i686.whl", hash = "sha256:3564df40a678623a769acd9677dc68228b2694170132c6f296eb62bf766d31e4"},
    {file = "pymssql-2.3.1-cp312-cp312-musllinux_1_1_x86_64.whl", hash = "sha256:3dbd4106faabf97f028d0ac59b30d132cfb5e48cf5314b0476f293123dbf3422"},
    {file = "pymssql-2.3.1-cp312-cp312-musllinux_1_2_i686.whl", hash = "sha256:acd1690d9b1b2ece9d0e1fd7d68571fc9fa56b6ba8697a3132446419ff7fb3f4"},
    {file = "pymssql-2.3.1-cp312-cp312-musllinux_1_2_x86_64.whl", hash = "sha256:126e0b78773975136e6385da7286c277e2e0320c1f4bee0e4dc61a5edcf98c41"},
    {file = "pymssql-2.3.1-cp312-cp312-win32.whl", hash = "sha256:21803b731b8c8780fc974d9b4931fa8f1ca29c227502a4c317e12773c8bdef43"},
    {file = "pymssql-2.3.1-cp312-cp312-win_amd64.whl", hash = "sha256:6b0224fc5ce4cf0703278859f145e3e921c04d9feb59739a104d3020bbf0c0c1"},
    {file = "pymssql-2.3.1-cp313-cp313-manylinux_2_17_aarch64.manylinux2014_aarch64.whl", hash = "sha256:709c1df3134e330ee9590437253be363b558154bde5bb54856fc5fe68a03c971"},
    {file = "pymssql-2.3.1-cp313-cp313-manylinux_2_17_i686.manylinux2014_i686.whl", hash = "sha256:b9381eafaf529815f2d61f22b99e0538e744b31234f17d4384f5b0496bd1fbed"},
    {file = "pymssql-2.3.1-cp313-cp313-manylinux_2_17_x86_64.manylinux2014_x86_64.whl", hash = "sha256:c3bf78789014f202855f5d00de982bbcd95177fe8bcf920f0ce730b72456c173"},
    {file = "pymssql-2.3.1-cp313-cp313-manylinux_2_28_x86_64.whl", hash = "sha256:4b44280eedd0a3f031e9464d4fc632a215fadcfb375bb479065b61a6337df402"},
    {file = "pymssql-2.3.1-cp313-cp313-musllinux_1_1_i686.whl", hash = "sha256:922f536b925880c260968c8f2130b1c9d6315b83f300f18365b5421933f034a2"},
    {file = "pymssql-2.3.1-cp313-cp313-musllinux_1_1_x86_64.whl", hash = "sha256:f00f618d1c0f58617de548e5094f7d55ab6034b94068d7eebba60a034866b10b"},
    {file = "pymssql-2.3.1-cp313-cp313-musllinux_1_2_i686.whl", hash = "sha256:b363db86a1a3fe16df9b4253e17b02a268d0f2e2753679b8e85cee268e2fe8c4"},
    {file = "pymssql-2.3.1-cp313-cp313-musllinux_1_2_x86_64.whl", hash = "sha256:396a26cf576196cc4a3d77890b2b8eb62655ff02846288757dd8b587352cc4f5"},
    {file = "pymssql-2.3.1-cp36-cp36m-win32.whl", hash = "sha256:5a1a1c697596f23058697709144d00a44e7af6ecab6a517f2ecf28dcf8fb4280"},
    {file = "pymssql-2.3.1-cp36-cp36m-win_amd64.whl", hash = "sha256:4f92e8657d42341dce01f7f57d03f84b35c0ed00a7bef24533ff80a37ffcfb4e"},
    {file = "pymssql-2.3.1-cp37-cp37m-manylinux_2_17_aarch64.manylinux2014_aarch64.whl", hash = "sha256:095b50e43bfbc4d6f953810175ba275bb3e6136206f3a7146bdd1031e3f0dd9b"},
    {file = "pymssql-2.3.1-cp37-cp37m-manylinux_2_17_i686.manylinux2014_i686.whl", hash = "sha256:47ac89098732c327725b53464932c6a532367271a3d5c5a988f61e23e0e0e286"},
    {file = "pymssql-2.3.1-cp37-cp37m-manylinux_2_17_x86_64.manylinux2014_x86_64.whl", hash = "sha256:2f284fc052cf1dbc702a2f4d13442d87fc6847ba9054faccfc8d8446fcf00894"},
    {file = "pymssql-2.3.1-cp37-cp37m-manylinux_2_28_x86_64.whl", hash = "sha256:40778b65c09eef9e7c25c444b96e76f81d8b5cf1828cb555123d052b7d3b5661"},
    {file = "pymssql-2.3.1-cp37-cp37m-manylinux_2_5_i686.manylinux1_i686.whl", hash = "sha256:22c8609bc7f8b13d383729ba09042b4d796a607c93779c616be51b37caa6b384"},
    {file = "pymssql-2.3.1-cp37-cp37m-manylinux_2_5_x86_64.manylinux1_x86_64.whl", hash = "sha256:ab2aea2ae8bc1aba0105fccbf9e4f6716648b2b8f9421fd3418c6cc798fca43e"},
    {file = "pymssql-2.3.1-cp37-cp37m-musllinux_1_1_i686.whl", hash = "sha256:e594de69832ad13761412f4d5c981a6e5d931b22f25136c8cd3531d9c6cfdf63"},
    {file = "pymssql-2.3.1-cp37-cp37m-musllinux_1_1_x86_64.whl", hash = "sha256:68f879b4ec4b2191a1d8b3bb24db04c3631737653785369c275bd5a574e54093"},
    {file = "pymssql-2.3.1-cp37-cp37m-musllinux_1_2_i686.whl", hash = "sha256:9ef157e63a1c19e7ab4823237b5f03a3bca45e1e94a4d5ed73baab6d019830c7"},
    {file = "pymssql-2.3.1-cp37-cp37m-musllinux_1_2_x86_64.whl", hash = "sha256:66afe6ee539e37cdfea0c6b2d596ec0d2a6223f09450c4df7cf872bad12691fe"},
    {file = "pymssql-2.3.1-cp37-cp37m-win32.whl", hash = "sha256:b9cc14a9f63e632200f54311da9868ece2715fa9560f6272c9bb82c57edc0543"},
    {file = "pymssql-2.3.1-cp37-cp37m-win_amd64.whl", hash = "sha256:54bc10f28c0acc1347d3c7056e702ad21f128e6bf7737b4edc8c267372db9ce8"},
    {file = "pymssql-2.3.1-cp38-cp38-manylinux_2_17_aarch64.manylinux2014_aarch64.whl", hash = "sha256:c8d955e751fb125be2a8513b5a338457a3fe73e5daa094815f96a86e496f7149"},
    {file = "pymssql-2.3.1-cp38-cp38-manylinux_2_17_i686.manylinux2014_i686.whl", hash = "sha256:4c13ca6eaf0d7f16af9edf87d58070329bfacb7f27b90e1de16318d64c7b873b"},
    {file = "pymssql-2.3.1-cp38-cp38-manylinux_2_17_x86_64.manylinux2014_x86_64.whl", hash = "sha256:5ecb0cdea24e2c019fb403fd642c04a64e8767c79f8dd38451eb5d72ceffce34"},
    {file = "pymssql-2.3.1-cp38-cp38-manylinux_2_28_x86_64.whl", hash = "sha256:afd57a728e81d73a0f43f3d28216c402fea03bd06a382da881dfc8215fb4080d"},
    {file = "pymssql-2.3.1-cp38-cp38-manylinux_2_5_i686.manylinux1_i686.whl", hash = "sha256:5e6f6d9de73309cda602bbb769cb707f08d6899664f3ac6e9ed3e3b1ad472cee"},
    {file = "pymssql-2.3.1-cp38-cp38-manylinux_2_5_x86_64.manylinux1_x86_64.whl", hash = "sha256:02b808dbb86bbe751dd3fd117e83926b0a19ca9d9b833fae945bf2e31be66bf6"},
    {file = "pymssql-2.3.1-cp38-cp38-musllinux_1_1_i686.whl", hash = "sha256:b0f1ba9befe23e6c4e75c2a626ffe59d159ab3a425a0208515888ec8670bf5bf"},
    {file = "pymssql-2.3.1-cp38-cp38-musllinux_1_1_x86_64.whl", hash = "sha256:8eecb4f3b41b8b29a0cbe502ae37b6477063d690151f668c410328f101f6198b"},
    {file = "pymssql-2.3.1-cp38-cp38-musllinux_1_2_i686.whl", hash = "sha256:a36c8b089e2d7b606aee823eefdfd72f5df110241fc5d913094b0b9da2692794"},
    {file = "pymssql-2.3.1-cp38-cp38-musllinux_1_2_x86_64.whl", hash = "sha256:425de7d3f38cd1867c30b7c352d66020f38fdcdf804282ee232f5e25672930c1"},
    {file = "pymssql-2.3.1-cp38-cp38-win32.whl", hash = "sha256:ce397eb6a2a90fcd2a83d8812c1b8752af3b5362e630da49aa556c947e32ce3d"},
    {file = "pymssql-2.3.1-cp38-cp38-win_amd64.whl", hash = "sha256:02c4ab7a58bfb57edb2deee7e2aceed2512960e7c2c1fd2cb23c647471a36ba2"},
    {file = "pymssql-2.3.1-cp39-cp39-macosx_13_0_x86_64.whl", hash = "sha256:750078568dafc1e0a24cf0f51eecfe548b13440976a2c8b19cc6e5d38e7b10bc"},
    {file = "pymssql-2.3.1-cp39-cp39-manylinux_2_17_aarch64.manylinux2014_aarch64.whl", hash = "sha256:5a651dd98f67eef98f429c949fb50ea0a92fcf8668834cc35909237c24c1b906"},
    {file = "pymssql-2.3.1-cp39-cp39-manylinux_2_17_i686.manylinux2014_i686.whl", hash = "sha256:a1ecedaeec8f4d8643d088b4985f0b742d9669bff701153a845b0d1900260b81"},
    {file = "pymssql-2.3.1-cp39-cp39-manylinux_2_17_x86_64.manylinux2014_x86_64.whl", hash = "sha256:015f6ccd1bcb53f22a3226653d0d8155da40f4afbc1fd0cec25de5fe8decf126"},
    {file = "pymssql-2.3.1-cp39-cp39-manylinux_2_28_x86_64.whl", hash = "sha256:da44761ca2f996d88f90c0f972b583dfe9c389db84888bd8209cdb83508f7c7a"},
    {file = "pymssql-2.3.1-cp39-cp39-manylinux_2_5_i686.manylinux1_i686.whl", hash = "sha256:9557b738475e06dfd53f97d8a2c2b259b9b9fd79bf1a4e084ae4e9f164be644d"},
    {file = "pymssql-2.3.1-cp39-cp39-manylinux_2_5_x86_64.manylinux1_x86_64.whl", hash = "sha256:a1f3f2e2792364a50417f3c2dc0d8f125955c1b641f36eb313daf666045b9748"},
    {file = "pymssql-2.3.1-cp39-cp39-musllinux_1_1_i686.whl", hash = "sha256:be8af4dea025f171ffb1e5b17cb0c9cbc92b0e3c32d0517bc678fff6f660e5fb"},
    {file = "pymssql-2.3.1-cp39-cp39-musllinux_1_1_x86_64.whl", hash = "sha256:a87950fb1a2b1c4028064fac971f3e191adebb58657ca985330f70e02f95223e"},
    {file = "pymssql-2.3.1-cp39-cp39-musllinux_1_2_i686.whl", hash = "sha256:9ea04bf8e13d567650631a944c88886c99a5622d9491e896a9b5a9ffbef2e352"},
    {file = "pymssql-2.3.1-cp39-cp39-musllinux_1_2_x86_64.whl", hash = "sha256:4d93a82f8ad7d3606354b81bbbe7e7832f70fd6e9ccb2e04a2975117da5df973"},
    {file = "pymssql-2.3.1-cp39-cp39-win32.whl", hash = "sha256:6a2657152d4007314b66f353a25fc2742155c2770083320b5255fc576103661e"},
    {file = "pymssql-2.3.1-cp39-cp39-win_amd64.whl", hash = "sha256:6c9ffb3ef110bf0fc2a41c845f231cf749162b1d71e02b0aceb6c0ebc603e2e9"},
    {file = "pymssql-2.3.1.tar.gz", hash = "sha256:ddee15c4c193e14c92fe2cd720ca9be1dba1e0f4178240380b8f5f6f00da04c6"},
]

[[package]]
name = "python-dotenv"
version = "1.0.1"
description = "Read key-value pairs from a .env file and set them as environment variables"
optional = false
python-versions = ">=3.8"
files = [
    {file = "python-dotenv-1.0.1.tar.gz", hash = "sha256:e324ee90a023d808f1959c46bcbc04446a10ced277783dc6ee09987c37ec10ca"},
    {file = "python_dotenv-1.0.1-py3-none-any.whl", hash = "sha256:f7b63ef50f1b690dddf550d03497b66d609393b40b564ed0d674909a68ebf16a"},
]

[package.extras]
cli = ["click (>=5.0)"]

[[package]]
name = "sniffio"
version = "1.3.1"
description = "Sniff out which async library your code is running under"
optional = false
python-versions = ">=3.7"
files = [
    {file = "sniffio-1.3.1-py3-none-any.whl", hash = "sha256:2f6da418d1f1e0fddd844478f41680e794e6051915791a034ff65e5f100525a2"},
    {file = "sniffio-1.3.1.tar.gz", hash = "sha256:f4324edc670a0f49750a81b895f35c3adb843cca46f0530f79fc1babb23789dc"},
]

[[package]]
name = "win32-setctime"
version = "1.1.0"
description = "A small Python utility to set file creation time on Windows"
optional = false
python-versions = ">=3.5"
files = [
    {file = "win32_setctime-1.1.0-py3-none-any.whl", hash = "sha256:231db239e959c2fe7eb1d7dc129f11172354f98361c4fa2d6d2d7e278baa8aad"},
    {file = "win32_setctime-1.1.0.tar.gz", hash = "sha256:15cf5750465118d6929ae4de4eb46e8edae9a5634350c01ba582df868e932cb2"},
]

[package.extras]
dev = ["black (>=19.3b0)", "pytest (>=4.6.2)"]

[metadata]
lock-version = "2.0"
python-versions = "^3.12"
content-hash = "caadc7259f10eaea69f92fc669cf29fa07059ba6dafbd0e58f58cfad977e39cf"
